// !$*UTF8*$!
{
	archiveVersion = 1;
	classes = {
	};
	objectVersion = 46;
	objects = {

/* Begin PBXBuildFile section */
		0EC78B5D1ACFB37900CF153E /* main.m in Sources */ = {isa = PBXBuildFile; fileRef = 0EC78B5C1ACFB37900CF153E /* main.m */; };
		0EC78B601ACFB37900CF153E /* AppDelegate.m in Sources */ = {isa = PBXBuildFile; fileRef = 0EC78B5F1ACFB37900CF153E /* AppDelegate.m */; };
		0EC78B631ACFB37900CF153E /* ViewController.m in Sources */ = {isa = PBXBuildFile; fileRef = 0EC78B621ACFB37900CF153E /* ViewController.m */; };
		0EC78B661ACFB37900CF153E /* Main.storyboard in Resources */ = {isa = PBXBuildFile; fileRef = 0EC78B641ACFB37900CF153E /* Main.storyboard */; };
		0EC78B681ACFB37900CF153E /* Images.xcassets in Resources */ = {isa = PBXBuildFile; fileRef = 0EC78B671ACFB37900CF153E /* Images.xcassets */; };
		0EC78B6B1ACFB37900CF153E /* LaunchScreen.xib in Resources */ = {isa = PBXBuildFile; fileRef = 0EC78B691ACFB37900CF153E /* LaunchScreen.xib */; };
		0EC78B771ACFB37900CF153E /* GiftTaoTests.m in Sources */ = {isa = PBXBuildFile; fileRef = 0EC78B761ACFB37900CF153E /* GiftTaoTests.m */; };
/* End PBXBuildFile section */

/* Begin PBXContainerItemProxy section */
		0EC78B711ACFB37900CF153E /* PBXContainerItemProxy */ = {
			isa = PBXContainerItemProxy;
			containerPortal = 0EC78B4F1ACFB37900CF153E /* Project object */;
			proxyType = 1;
			remoteGlobalIDString = 0EC78B561ACFB37900CF153E;
			remoteInfo = GiftTao;
		};
/* End PBXContainerItemProxy section */

/* Begin PBXFileReference section */
		0EC78B571ACFB37900CF153E /* GiftTao.app */ = {isa = PBXFileReference; explicitFileType = wrapper.application; includeInIndex = 0; path = GiftTao.app; sourceTree = BUILT_PRODUCTS_DIR; };
		0EC78B5B1ACFB37900CF153E /* Info.plist */ = {isa = PBXFileReference; lastKnownFileType = text.plist.xml; path = Info.plist; sourceTree = "<group>"; };
		0EC78B5C1ACFB37900CF153E /* main.m */ = {isa = PBXFileReference; lastKnownFileType = sourcecode.c.objc; path = main.m; sourceTree = "<group>"; };
		0EC78B5E1ACFB37900CF153E /* AppDelegate.h */ = {isa = PBXFileReference; lastKnownFileType = sourcecode.c.h; path = AppDelegate.h; sourceTree = "<group>"; };
		0EC78B5F1ACFB37900CF153E /* AppDelegate.m */ = {isa = PBXFileReference; lastKnownFileType = sourcecode.c.objc; path = AppDelegate.m; sourceTree = "<group>"; };
		0EC78B611ACFB37900CF153E /* ViewController.h */ = {isa = PBXFileReference; lastKnownFileType = sourcecode.c.h; path = ViewController.h; sourceTree = "<group>"; };
		0EC78B621ACFB37900CF153E /* ViewController.m */ = {isa = PBXFileReference; lastKnownFileType = sourcecode.c.objc; path = ViewController.m; sourceTree = "<group>"; };
		0EC78B651ACFB37900CF153E /* Base */ = {isa = PBXFileReference; lastKnownFileType = file.storyboard; name = Base; path = Base.lproj/Main.storyboard; sourceTree = "<group>"; };
		0EC78B671ACFB37900CF153E /* Images.xcassets */ = {isa = PBXFileReference; lastKnownFileType = folder.assetcatalog; path = Images.xcassets; sourceTree = "<group>"; };
		0EC78B6A1ACFB37900CF153E /* Base */ = {isa = PBXFileReference; lastKnownFileType = file.xib; name = Base; path = Base.lproj/LaunchScreen.xib; sourceTree = "<group>"; };
		0EC78B701ACFB37900CF153E /* GiftTaoTests.xctest */ = {isa = PBXFileReference; explicitFileType = wrapper.cfbundle; includeInIndex = 0; path = GiftTaoTests.xctest; sourceTree = BUILT_PRODUCTS_DIR; };
		0EC78B751ACFB37900CF153E /* Info.plist */ = {isa = PBXFileReference; lastKnownFileType = text.plist.xml; path = Info.plist; sourceTree = "<group>"; };
		0EC78B761ACFB37900CF153E /* GiftTaoTests.m */ = {isa = PBXFileReference; lastKnownFileType = sourcecode.c.objc; path = GiftTaoTests.m; sourceTree = "<group>"; };
/* End PBXFileReference section */

/* Begin PBXFrameworksBuildPhase section */
		0EC78B541ACFB37900CF153E /* Frameworks */ = {
			isa = PBXFrameworksBuildPhase;
			buildActionMask = 2147483647;
			files = (
			);
			runOnlyForDeploymentPostprocessing = 0;
		};
		0EC78B6D1ACFB37900CF153E /* Frameworks */ = {
			isa = PBXFrameworksBuildPhase;
			buildActionMask = 2147483647;
			files = (
			);
			runOnlyForDeploymentPostprocessing = 0;
		};
/* End PBXFrameworksBuildPhase section */

/* Begin PBXGroup section */
		0EC78B4E1ACFB37900CF153E = {
			isa = PBXGroup;
			children = (
				0EC78B591ACFB37900CF153E /* GiftTao */,
				0EC78B731ACFB37900CF153E /* GiftTaoTests */,
				0EC78B581ACFB37900CF153E /* Products */,
			);
			sourceTree = "<group>";
		};
		0EC78B581ACFB37900CF153E /* Products */ = {
			isa = PBXGroup;
			children = (
				0EC78B571ACFB37900CF153E /* GiftTao.app */,
				0EC78B701ACFB37900CF153E /* GiftTaoTests.xctest */,
			);
			name = Products;
			sourceTree = "<group>";
		};
		0EC78B591ACFB37900CF153E /* GiftTao */ = {
			isa = PBXGroup;
			children = (
				0EC78B5E1ACFB37900CF153E /* AppDelegate.h */,
				0EC78B5F1ACFB37900CF153E /* AppDelegate.m */,
				0EC78B611ACFB37900CF153E /* ViewController.h */,
				0EC78B621ACFB37900CF153E /* ViewController.m */,
				0EC78B641ACFB37900CF153E /* Main.storyboard */,
				0EC78B671ACFB37900CF153E /* Images.xcassets */,
				0EC78B691ACFB37900CF153E /* LaunchScreen.xib */,
				0EC78B5A1ACFB37900CF153E /* Supporting Files */,
			);
			path = GiftTao;
			sourceTree = "<group>";
		};
		0EC78B5A1ACFB37900CF153E /* Supporting Files */ = {
			isa = PBXGroup;
			children = (
				0EC78B5B1ACFB37900CF153E /* Info.plist */,
				0EC78B5C1ACFB37900CF153E /* main.m */,
			);
			name = "Supporting Files";
			sourceTree = "<group>";
		};
		0EC78B731ACFB37900CF153E /* GiftTaoTests */ = {
			isa = PBXGroup;
			children = (
				0EC78B761ACFB37900CF153E /* GiftTaoTests.m */,
				0EC78B741ACFB37900CF153E /* Supporting Files */,
			);
			path = GiftTaoTests;
			sourceTree = "<group>";
		};
		0EC78B741ACFB37900CF153E /* Supporting Files */ = {
			isa = PBXGroup;
			children = (
				0EC78B751ACFB37900CF153E /* Info.plist */,
			);
			name = "Supporting Files";
			sourceTree = "<group>";
		};
/* End PBXGroup section */

/* Begin PBXNativeTarget section */
		0EC78B561ACFB37900CF153E /* GiftTao */ = {
			isa = PBXNativeTarget;
			buildConfigurationList = 0EC78B7A1ACFB37900CF153E /* Build configuration list for PBXNativeTarget "GiftTao" */;
			buildPhases = (
				0EC78B531ACFB37900CF153E /* Sources */,
				0EC78B541ACFB37900CF153E /* Frameworks */,
				0EC78B551ACFB37900CF153E /* Resources */,
			);
			buildRules = (
			);
			dependencies = (
			);
			name = GiftTao;
			productName = GiftTao;
			productReference = 0EC78B571ACFB37900CF153E /* GiftTao.app */;
			productType = "com.apple.product-type.application";
		};
		0EC78B6F1ACFB37900CF153E /* GiftTaoTests */ = {
			isa = PBXNativeTarget;
			buildConfigurationList = 0EC78B7D1ACFB37900CF153E /* Build configuration list for PBXNativeTarget "GiftTaoTests" */;
			buildPhases = (
				0EC78B6C1ACFB37900CF153E /* Sources */,
				0EC78B6D1ACFB37900CF153E /* Frameworks */,
				0EC78B6E1ACFB37900CF153E /* Resources */,
			);
			buildRules = (
			);
			dependencies = (
				0EC78B721ACFB37900CF153E /* PBXTargetDependency */,
			);
			name = GiftTaoTests;
			productName = GiftTaoTests;
			productReference = 0EC78B701ACFB37900CF153E /* GiftTaoTests.xctest */;
			productType = "com.apple.product-type.bundle.unit-test";
		};
/* End PBXNativeTarget section */

/* Begin PBXProject section */
		0EC78B4F1ACFB37900CF153E /* Project object */ = {
			isa = PBXProject;
			attributes = {
				LastUpgradeCheck = 0610;
				ORGANIZATIONNAME = caiyc;
				TargetAttributes = {
					0EC78B561ACFB37900CF153E = {
						CreatedOnToolsVersion = 6.1.1;
					};
					0EC78B6F1ACFB37900CF153E = {
						CreatedOnToolsVersion = 6.1.1;
						TestTargetID = 0EC78B561ACFB37900CF153E;
					};
				};
			};
			buildConfigurationList = 0EC78B521ACFB37900CF153E /* Build configuration list for PBXProject "GiftTao" */;
			compatibilityVersion = "Xcode 3.2";
			developmentRegion = English;
			hasScannedForEncodings = 0;
			knownRegions = (
				en,
				Base,
			);
			mainGroup = 0EC78B4E1ACFB37900CF153E;
			productRefGroup = 0EC78B581ACFB37900CF153E /* Products */;
			projectDirPath = "";
			projectRoot = "";
			targets = (
				0EC78B561ACFB37900CF153E /* GiftTao */,
				0EC78B6F1ACFB37900CF153E /* GiftTaoTests */,
			);
		};
/* End PBXProject section */

/* Begin PBXResourcesBuildPhase section */
		0EC78B551ACFB37900CF153E /* Resources */ = {
			isa = PBXResourcesBuildPhase;
			buildActionMask = 2147483647;
			files = (
				0EC78B661ACFB37900CF153E /* Main.storyboard in Resources */,
				0EC78B6B1ACFB37900CF153E /* LaunchScreen.xib in Resources */,
				0EC78B681ACFB37900CF153E /* Images.xcassets in Resources */,
			);
			runOnlyForDeploymentPostprocessing = 0;
		};
		0EC78B6E1ACFB37900CF153E /* Resources */ = {
			isa = PBXResourcesBuildPhase;
			buildActionMask = 2147483647;
			files = (
			);
			runOnlyForDeploymentPostprocessing = 0;
		};
/* End PBXResourcesBuildPhase section */

/* Begin PBXSourcesBuildPhase section */
		0EC78B531ACFB37900CF153E /* Sources */ = {
			isa = PBXSourcesBuildPhase;
			buildActionMask = 2147483647;
			files = (
				0EC78B631ACFB37900CF153E /* ViewController.m in Sources */,
				0EC78B601ACFB37900CF153E /* AppDelegate.m in Sources */,
				0EC78B5D1ACFB37900CF153E /* main.m in Sources */,
			);
			runOnlyForDeploymentPostprocessing = 0;
		};
		0EC78B6C1ACFB37900CF153E /* Sources */ = {
			isa = PBXSourcesBuildPhase;
			buildActionMask = 2147483647;
			files = (
				0EC78B771ACFB37900CF153E /* GiftTaoTests.m in Sources */,
			);
			runOnlyForDeploymentPostprocessing = 0;
		};
/* End PBXSourcesBuildPhase section */

/* Begin PBXTargetDependency section */
		0EC78B721ACFB37900CF153E /* PBXTargetDependency */ = {
			isa = PBXTargetDependency;
			target = 0EC78B561ACFB37900CF153E /* GiftTao */;
			targetProxy = 0EC78B711ACFB37900CF153E /* PBXContainerItemProxy */;
		};
/* End PBXTargetDependency section */

/* Begin PBXVariantGroup section */
		0EC78B641ACFB37900CF153E /* Main.storyboard */ = {
			isa = PBXVariantGroup;
			children = (
				0EC78B651ACFB37900CF153E /* Base */,
			);
			name = Main.storyboard;
			sourceTree = "<group>";
		};
		0EC78B691ACFB37900CF153E /* LaunchScreen.xib */ = {
			isa = PBXVariantGroup;
			children = (
				0EC78B6A1ACFB37900CF153E /* Base */,
			);
			name = LaunchScreen.xib;
			sourceTree = "<group>";
		};
/* End PBXVariantGroup section */

/* Begin XCBuildConfiguration section */
		0EC78B781ACFB37900CF153E /* Debug */ = {
			isa = XCBuildConfiguration;
			buildSettings = {
				ALWAYS_SEARCH_USER_PATHS = NO;
				CLANG_CXX_LANGUAGE_STANDARD = "gnu++0x";
				CLANG_CXX_LIBRARY = "libc++";
				CLANG_ENABLE_MODULES = YES;
				CLANG_ENABLE_OBJC_ARC = YES;
				CLANG_WARN_BOOL_CONVERSION = YES;
				CLANG_WARN_CONSTANT_CONVERSION = YES;
				CLANG_WARN_DIRECT_OBJC_ISA_USAGE = YES_ERROR;
				CLANG_WARN_EMPTY_BODY = YES;
				CLANG_WARN_ENUM_CONVERSION = YES;
				CLANG_WARN_INT_CONVERSION = YES;
				CLANG_WARN_OBJC_ROOT_CLASS = YES_ERROR;
				CLANG_WARN_UNREACHABLE_CODE = YES;
				CLANG_WARN__DUPLICATE_METHOD_MATCH = YES;
				"CODE_SIGN_IDENTITY[sdk=iphoneos*]" = "iPhone Developer";
				COPY_PHASE_STRIP = NO;
				ENABLE_STRICT_OBJC_MSGSEND = YES;
				GCC_C_LANGUAGE_STANDARD = gnu99;
				GCC_DYNAMIC_NO_PIC = NO;
				GCC_OPTIMIZATION_LEVEL = 0;
				GCC_PREPROCESSOR_DEFINITIONS = (
					"DEBUG=1",
					"$(inherited)",
				);
				GCC_SYMBOLS_PRIVATE_EXTERN = NO;
				GCC_WARN_64_TO_32_BIT_CONVERSION = YES;
				GCC_WARN_ABOUT_RETURN_TYPE = YES_ERROR;
				GCC_WARN_UNDECLARED_SELECTOR = YES;
				GCC_WARN_UNINITIALIZED_AUTOS = YES_AGGRESSIVE;
				GCC_WARN_UNUSED_FUNCTION = YES;
				GCC_WARN_UNUSED_VARIABLE = YES;
				IPHONEOS_DEPLOYMENT_TARGET = 8.1;
				MTL_ENABLE_DEBUG_INFO = YES;
				ONLY_ACTIVE_ARCH = YES;
				SDKROOT = iphoneos;
				TARGETED_DEVICE_FAMILY = "1,2";
			};
			name = Debug;
		};
		0EC78B791ACFB37900CF153E /* Release */ = {
			isa = XCBuildConfiguration;
			buildSettings = {
				ALWAYS_SEARCH_USER_PATHS = NO;
				CLANG_CXX_LANGUAGE_STANDARD = "gnu++0x";
				CLANG_CXX_LIBRARY = "libc++";
				CLANG_ENABLE_MODULES = YES;
				CLANG_ENABLE_OBJC_ARC = YES;
				CLANG_WARN_BOOL_CONVERSION = YES;
				CLANG_WARN_CONSTANT_CONVERSION = YES;
				CLANG_WARN_DIRECT_OBJC_ISA_USAGE = YES_ERROR;
				CLANG_WARN_EMPTY_BODY = YES;
				CLANG_WARN_ENUM_CONVERSION = YES;
				CLANG_WARN_INT_CONVERSION = YES;
				CLANG_WARN_OBJC_ROOT_CLASS = YES_ERROR;
				CLANG_WARN_UNREACHABLE_CODE = YES;
				CLANG_WARN__DUPLICATE_METHOD_MATCH = YES;
				"CODE_SIGN_IDENTITY[sdk=iphoneos*]" = "iPhone Developer";
				COPY_PHASE_STRIP = YES;
				ENABLE_NS_ASSERTIONS = NO;
				ENABLE_STRICT_OBJC_MSGSEND = YES;
				GCC_C_LANGUAGE_STANDARD = gnu99;
				GCC_WARN_64_TO_32_BIT_CONVERSION = YES;
				GCC_WARN_ABOUT_RETURN_TYPE = YES_ERROR;
				GCC_WARN_UNDECLARED_SELECTOR = YES;
				GCC_WARN_UNINITIALIZED_AUTOS = YES_AGGRESSIVE;
				GCC_WARN_UNUSED_FUNCTION = YES;
				GCC_WARN_UNUSED_VARIABLE = YES;
				IPHONEOS_DEPLOYMENT_TARGET = 8.1;
				MTL_ENABLE_DEBUG_INFO = NO;
				SDKROOT = iphoneos;
				TARGETED_DEVICE_FAMILY = "1,2";
				VALIDATE_PRODUCT = YES;
			};
			name = Release;
		};
		0EC78B7B1ACFB37900CF153E /* Debug */ = {
			isa = XCBuildConfiguration;
			buildSettings = {
				ASSETCATALOG_COMPILER_APPICON_NAME = AppIcon;
				INFOPLIST_FILE = GiftTao/Info.plist;
				LD_RUNPATH_SEARCH_PATHS = "$(inherited) @executable_path/Frameworks";
				PRODUCT_NAME = "$(TARGET_NAME)";
			};
			name = Debug;
		};
		0EC78B7C1ACFB37900CF153E /* Release */ = {
			isa = XCBuildConfiguration;
			buildSettings = {
				ASSETCATALOG_COMPILER_APPICON_NAME = AppIcon;
				INFOPLIST_FILE = GiftTao/Info.plist;
				LD_RUNPATH_SEARCH_PATHS = "$(inherited) @executable_path/Frameworks";
				PRODUCT_NAME = "$(TARGET_NAME)";
			};
			name = Release;
		};
		0EC78B7E1ACFB37900CF153E /* Debug */ = {
			isa = XCBuildConfiguration;
			buildSettings = {
				BUNDLE_LOADER = "$(TEST_HOST)";
				FRAMEWORK_SEARCH_PATHS = (
					"$(SDKROOT)/Developer/Library/Frameworks",
					"$(inherited)",
				);
				GCC_PREPROCESSOR_DEFINITIONS = (
					"DEBUG=1",
					"$(inherited)",
				);
				INFOPLIST_FILE = GiftTaoTests/Info.plist;
				LD_RUNPATH_SEARCH_PATHS = "$(inherited) @executable_path/Frameworks @loader_path/Frameworks";
				PRODUCT_NAME = "$(TARGET_NAME)";
				TEST_HOST = "$(BUILT_PRODUCTS_DIR)/GiftTao.app/GiftTao";
			};
			name = Debug;
		};
		0EC78B7F1ACFB37900CF153E /* Release */ = {
			isa = XCBuildConfiguration;
			buildSettings = {
				BUNDLE_LOADER = "$(TEST_HOST)";
				FRAMEWORK_SEARCH_PATHS = (
					"$(SDKROOT)/Developer/Library/Frameworks",
					"$(inherited)",
				);
				INFOPLIST_FILE = GiftTaoTests/Info.plist;
				LD_RUNPATH_SEARCH_PATHS = "$(inherited) @executable_path/Frameworks @loader_path/Frameworks";
				PRODUCT_NAME = "$(TARGET_NAME)";
				TEST_HOST = "$(BUILT_PRODUCTS_DIR)/GiftTao.app/GiftTao";
			};
			name = Release;
		};
/* End XCBuildConfiguration section */

/* Begin XCConfigurationList section */
		0EC78B521ACFB37900CF153E /* Build configuration list for PBXProject "GiftTao" */ = {
			isa = XCConfigurationList;
			buildConfigurations = (
				0EC78B781ACFB37900CF153E /* Debug */,
				0EC78B791ACFB37900CF153E /* Release */,
			);
			defaultConfigurationIsVisible = 0;
			defaultConfigurationName = Release;
		};
		0EC78B7A1ACFB37900CF153E /* Build configuration list for PBXNativeTarget "GiftTao" */ = {
			isa = XCConfigurationList;
			buildConfigurations = (
				0EC78B7B1ACFB37900CF153E /* Debug */,
				0EC78B7C1ACFB37900CF153E /* Release */,
			);
			defaultConfigurationIsVisible = 0;
			defaultConfigurationName = Release;
		};
		0EC78B7D1ACFB37900CF153E /* Build configuration list for PBXNativeTarget "GiftTaoTests" */ = {
			isa = XCConfigurationList;
			buildConfigurations = (
				0EC78B7E1ACFB37900CF153E /* Debug */,
				0EC78B7F1ACFB37900CF153E /* Release */,
			);
			defaultConfigurationIsVisible = 0;
			defaultConfigurationName = Release;
		};
/* End XCConfigurationList section */
	};
	rootObject = 0EC78B4F1ACFB37900CF153E /* Project object */;
}
